
Microsoft Visual Studio Solution File, Format Version 12.00
# Visual Studio Version 16
VisualStudioVersion = 16.0.31321.278
MinimumVisualStudioVersion = 10.0.40219.1
Project("{9A19103F-16F7-4668-BE54-9A1E7A4F7556}") = "EmployeeAPI", "EmployeeAPI\EmployeeAPI.csproj", "{C157C918-B8CD-4251-B527-E080FB36B534}"
EndProject
Global
	GlobalSection(SolutionConfigurationPlatforms) = preSolution
		Debug|Any CPU = Debug|Any CPU
		Release|Any CPU = Release|Any CPU
	EndGlobalSection
	GlobalSection(ProjectConfigurationPlatforms) = postSolution
		{C157C918-B8CD-4251-B527-E080FB36B534}.Debug|Any CPU.ActiveCfg = Debug|Any CPU
		{C157C918-B8CD-4251-B527-E080FB36B534}.Debug|Any CPU.Build.0 = Debug|Any CPU
		{C157C918-B8CD-4251-B527-E080FB36B534}.Release|Any CPU.ActiveCfg = Release|Any CPU
		{C157C918-B8CD-4251-B527-E080FB36B534}.Release|Any CPU.Build.0 = Release|Any CPU
	EndGlobalSection
	GlobalSection(SolutionProperties) = preSolution
		HideSolutionNode = FALSE
	EndGlobalSection
	GlobalSection(ExtensibilityGlobals) = postSolution
		SolutionGuid = {B90ACCE4-DBD8-4791-9825-1BD547F401E0}
	EndGlobalSection
EndGlobal
